// !$*UTF8*$!
{
	archiveVersion = 1;
	classes = {
	};
	objectVersion = 46;
	objects = {

/* Begin PBXBuildFile section */
		480A648A1D784A9600E98622 /* DrawableView.swift in Sources */ = {isa = PBXBuildFile; fileRef = 6903EAAE1B56AB06001BEAEC /* DrawableView.swift */; };
		480A648B1D784F4600E98622 /* HuePickerView.swift in Sources */ = {isa = PBXBuildFile; fileRef = 69E9E04E1BE005590065DE51 /* HuePickerView.swift */; };
		480A648C1D784F4800E98622 /* SaturationBrightnessPickerView.swift in Sources */ = {isa = PBXBuildFile; fileRef = 69E9E0501BE005630065DE51 /* SaturationBrightnessPickerView.swift */; };
		480A648D1D7850AA00E98622 /* ColorPreviewButton.swift in Sources */ = {isa = PBXBuildFile; fileRef = 69E9E04C1BE005540065DE51 /* ColorPreviewButton.swift */; };
		480A648E1D7850B700E98622 /* AutoHideView.swift in Sources */ = {isa = PBXBuildFile; fileRef = 69E9E0521BE0056D0065DE51 /* AutoHideView.swift */; };
		480A648F1D7850C400E98622 /* GridView.swift in Sources */ = {isa = PBXBuildFile; fileRef = 6903EAAF1B56AB06001BEAEC /* GridView.swift */; };
		480A64911D785F0D00E98622 /* CanvasViewController.swift in Sources */ = {isa = PBXBuildFile; fileRef = 48B38C5A1A16C4110040DE29 /* CanvasViewController.swift */; };
		480A64921D79031600E98622 /* StrokeSizeView.swift in Sources */ = {isa = PBXBuildFile; fileRef = 69E9E0561BE007D80065DE51 /* StrokeSizeView.swift */; };
		480BC7681D790A73007245F1 /* ColorPickerViewController.swift in Sources */ = {isa = PBXBuildFile; fileRef = 69E9E0441BE005230065DE51 /* ColorPickerViewController.swift */; };
		480BC7691D790C13007245F1 /* ColorPreView.swift in Sources */ = {isa = PBXBuildFile; fileRef = 69E9E04A1BE005490065DE51 /* ColorPreView.swift */; };
		4814280C1D80372000D94A45 /* ActionMenuViewController.swift in Sources */ = {isa = PBXBuildFile; fileRef = 4814280B1D80372000D94A45 /* ActionMenuViewController.swift */; };
		4814280D1D80372500D94A45 /* ActionMenuViewController.swift in Sources */ = {isa = PBXBuildFile; fileRef = 4814280B1D80372000D94A45 /* ActionMenuViewController.swift */; };
		4864FADB1D798C3300746A05 /* UIViewController+Addtions.swift in Sources */ = {isa = PBXBuildFile; fileRef = 697DD4CF1D60DA600032ACA5 /* UIViewController+Addtions.swift */; };
		4864FADE1D799CBC00746A05 /* Images.xcassets in Resources */ = {isa = PBXBuildFile; fileRef = 4864FADD1D799CBC00746A05 /* Images.xcassets */; };
		4864FADF1D799D4000746A05 /* ColorPickerViewController.xib in Resources */ = {isa = PBXBuildFile; fileRef = 69E9E0611BE0083C0065DE51 /* ColorPickerViewController.xib */; };
		4864FAE31D79AB2900746A05 /* Images.xcassets in Resources */ = {isa = PBXBuildFile; fileRef = 4864FADD1D799CBC00746A05 /* Images.xcassets */; };
		487904EE1D745DCC0050E615 /* UIImage+Addtions.swift in Sources */ = {isa = PBXBuildFile; fileRef = 487904ED1D745DCC0050E615 /* UIImage+Addtions.swift */; };
		487904F31D74A2650050E615 /* StickerLayout.swift in Sources */ = {isa = PBXBuildFile; fileRef = 487904F21D74A2650050E615 /* StickerLayout.swift */; };
		487904F61D74A4F90050E615 /* StickerCell.swift in Sources */ = {isa = PBXBuildFile; fileRef = 487904F51D74A4F90050E615 /* StickerCell.swift */; };
		487904F91D74BAD90050E615 /* CreateDoodleCell.swift in Sources */ = {isa = PBXBuildFile; fileRef = 487904F71D74BAD90050E615 /* CreateDoodleCell.swift */; };
		487905091D74C08A0050E615 /* UIImage+Addtions.swift in Sources */ = {isa = PBXBuildFile; fileRef = 487904ED1D745DCC0050E615 /* UIImage+Addtions.swift */; };
		4879050A1D74C0900050E615 /* UIView+Additions.swift in Sources */ = {isa = PBXBuildFile; fileRef = 6903EA9B1B56AA6C001BEAEC /* UIView+Additions.swift */; };
		4879050B1D74C0980050E615 /* CGImage+Addtions.swift in Sources */ = {isa = PBXBuildFile; fileRef = 69C3F2CA1D6642A6000D2501 /* CGImage+Addtions.swift */; };
		4879050C1D74C09D0050E615 /* NSLayoutConstraint+Addtions.swift in Sources */ = {isa = PBXBuildFile; fileRef = 69749C151D64B69D00D1CF0B /* NSLayoutConstraint+Addtions.swift */; };
		487905101D74C35B0050E615 /* SettingsController.swift in Sources */ = {isa = PBXBuildFile; fileRef = 6903EAB21B56AB31001BEAEC /* SettingsController.swift */; };
		487905121D75BDFF0050E615 /* URL+Addtions.swift in Sources */ = {isa = PBXBuildFile; fileRef = 487905111D75BDFF0050E615 /* URL+Addtions.swift */; };
		487905131D75BEF70050E615 /* URL+Addtions.swift in Sources */ = {isa = PBXBuildFile; fileRef = 487905111D75BDFF0050E615 /* URL+Addtions.swift */; };
		48B38C5B1A16C4110040DE29 /* WindowController.swift in Sources */ = {isa = PBXBuildFile; fileRef = 48B38C541A16C4110040DE29 /* WindowController.swift */; };
		48B38C611A16C4110040DE29 /* CanvasViewController.swift in Sources */ = {isa = PBXBuildFile; fileRef = 48B38C5A1A16C4110040DE29 /* CanvasViewController.swift */; };
		6903EA971B56AA3B001BEAEC /* Images.xcassets in Resources */ = {isa = PBXBuildFile; fileRef = 6903EA961B56AA3B001BEAEC /* Images.xcassets */; };
		6903EA9C1B56AA6C001BEAEC /* UIColor+Addtions.swift in Sources */ = {isa = PBXBuildFile; fileRef = 6903EA9A1B56AA6C001BEAEC /* UIColor+Addtions.swift */; };
		6903EA9D1B56AA6C001BEAEC /* UIView+Additions.swift in Sources */ = {isa = PBXBuildFile; fileRef = 6903EA9B1B56AA6C001BEAEC /* UIView+Additions.swift */; };
		6903EAA21B56AA8E001BEAEC /* fancy_toast.wav in Resources */ = {isa = PBXBuildFile; fileRef = 6903EA9E1B56AA8E001BEAEC /* fancy_toast.wav */; };
		6903EAA31B56AA8E001BEAEC /* music_marimba_chord.wav in Resources */ = {isa = PBXBuildFile; fileRef = 6903EA9F1B56AA8E001BEAEC /* music_marimba_chord.wav */; };
		6903EAA41B56AA8E001BEAEC /* short_whoosh1.wav in Resources */ = {isa = PBXBuildFile; fileRef = 6903EAA01B56AA8E001BEAEC /* short_whoosh1.wav */; };
		6903EAA51B56AA8E001BEAEC /* woody_click.wav in Resources */ = {isa = PBXBuildFile; fileRef = 6903EAA11B56AA8E001BEAEC /* woody_click.wav */; };
		6903EAB01B56AB06001BEAEC /* DrawableView.swift in Sources */ = {isa = PBXBuildFile; fileRef = 6903EAAE1B56AB06001BEAEC /* DrawableView.swift */; };
		6903EAB11B56AB06001BEAEC /* GridView.swift in Sources */ = {isa = PBXBuildFile; fileRef = 6903EAAF1B56AB06001BEAEC /* GridView.swift */; };
		6903EAB31B56AB31001BEAEC /* SettingsController.swift in Sources */ = {isa = PBXBuildFile; fileRef = 6903EAB21B56AB31001BEAEC /* SettingsController.swift */; };
		6950BA0E1D63312600887096 /* LaunchScreen.storyboard in Resources */ = {isa = PBXBuildFile; fileRef = 6950BA0D1D63312600887096 /* LaunchScreen.storyboard */; };
		695A98661D61E3900049AE0A /* DoodlesViewController.swift in Sources */ = {isa = PBXBuildFile; fileRef = 695A98651D61E3900049AE0A /* DoodlesViewController.swift */; };
		695A986A1D61E5200049AE0A /* DoodleCell.swift in Sources */ = {isa = PBXBuildFile; fileRef = 695A98681D61E5200049AE0A /* DoodleCell.swift */; };
		695A986B1D61E5200049AE0A /* DoodleCell.xib in Resources */ = {isa = PBXBuildFile; fileRef = 695A98691D61E5200049AE0A /* DoodleCell.xib */; };
		695A986D1D61E7B40049AE0A /* DocumentsController.swift in Sources */ = {isa = PBXBuildFile; fileRef = 695A986C1D61E7B40049AE0A /* DocumentsController.swift */; };
		69749C161D64B69D00D1CF0B /* NSLayoutConstraint+Addtions.swift in Sources */ = {isa = PBXBuildFile; fileRef = 69749C151D64B69D00D1CF0B /* NSLayoutConstraint+Addtions.swift */; };
		6977CC731D652798006FD1E1 /* DoodleAnimator.swift in Sources */ = {isa = PBXBuildFile; fileRef = 6977CC721D652798006FD1E1 /* DoodleAnimator.swift */; };
		697DD4D01D60DA600032ACA5 /* UIViewController+Addtions.swift in Sources */ = {isa = PBXBuildFile; fileRef = 697DD4CF1D60DA600032ACA5 /* UIViewController+Addtions.swift */; };
		697DD4D41D61011E0032ACA5 /* History.swift in Sources */ = {isa = PBXBuildFile; fileRef = 697DD4D31D61011E0032ACA5 /* History.swift */; };
		697DD4D61D6161E60032ACA5 /* Doodle.swift in Sources */ = {isa = PBXBuildFile; fileRef = 697DD4D51D6161E60032ACA5 /* Doodle.swift */; };
		697DD4D91D6162C50032ACA5 /* Serializable.swift in Sources */ = {isa = PBXBuildFile; fileRef = 697DD4D81D6162C50032ACA5 /* Serializable.swift */; };
		69AB97B31D80DCAE006D8E1D /* Localizable.strings in Resources */ = {isa = PBXBuildFile; fileRef = 69AB97B61D80DCAE006D8E1D /* Localizable.strings */; };
		69AB97B41D80DCAE006D8E1D /* Localizable.strings in Resources */ = {isa = PBXBuildFile; fileRef = 69AB97B61D80DCAE006D8E1D /* Localizable.strings */; };
		69BEF29D1D648762007BFAF6 /* DoodleLayout.swift in Sources */ = {isa = PBXBuildFile; fileRef = 69BEF29C1D648762007BFAF6 /* DoodleLayout.swift */; };
		69BEF2A01D649156007BFAF6 /* Date+Relative.swift in Sources */ = {isa = PBXBuildFile; fileRef = 69BEF29F1D649156007BFAF6 /* Date+Relative.swift */; };
		69C3F2CB1D6642A6000D2501 /* CGImage+Addtions.swift in Sources */ = {isa = PBXBuildFile; fileRef = 69C3F2CA1D6642A6000D2501 /* CGImage+Addtions.swift */; };
		69D3805F1D6A981E00BED7E1 /* Messages.framework in Frameworks */ = {isa = PBXBuildFile; fileRef = 69D3805E1D6A981E00BED7E1 /* Messages.framework */; };
		69D380621D6A981E00BED7E1 /* MessagesViewController.swift in Sources */ = {isa = PBXBuildFile; fileRef = 69D380611D6A981E00BED7E1 /* MessagesViewController.swift */; };
		69D380651D6A981E00BED7E1 /* MainInterface.storyboard in Resources */ = {isa = PBXBuildFile; fileRef = 69D380631D6A981E00BED7E1 /* MainInterface.storyboard */; };
		69D380671D6A981E00BED7E1 /* Assets.xcassets in Resources */ = {isa = PBXBuildFile; fileRef = 69D380661D6A981E00BED7E1 /* Assets.xcassets */; };
		69D3806B1D6A981E00BED7E1 /* Sticker Doodler.appex in Embed App Extensions */ = {isa = PBXBuildFile; fileRef = 69D3805C1D6A981E00BED7E1 /* Sticker Doodler.appex */; settings = {ATTRIBUTES = (RemoveHeadersOnCopy, ); }; };
		69D380711D6B1F7600BED7E1 /* DoodleBrowserViewController.swift in Sources */ = {isa = PBXBuildFile; fileRef = 69D380701D6B1F7600BED7E1 /* DoodleBrowserViewController.swift */; };
		69D380751D6B200600BED7E1 /* Doodle.swift in Sources */ = {isa = PBXBuildFile; fileRef = 697DD4D51D6161E60032ACA5 /* Doodle.swift */; };
		69D380761D6B200A00BED7E1 /* History.swift in Sources */ = {isa = PBXBuildFile; fileRef = 697DD4D31D61011E0032ACA5 /* History.swift */; };
		69D380771D6B206D00BED7E1 /* DocumentsController.swift in Sources */ = {isa = PBXBuildFile; fileRef = 695A986C1D61E7B40049AE0A /* DocumentsController.swift */; };
		69D380781D6B208700BED7E1 /* UIColor+Addtions.swift in Sources */ = {isa = PBXBuildFile; fileRef = 6903EA9A1B56AA6C001BEAEC /* UIColor+Addtions.swift */; };
		69D380791D6B20B800BED7E1 /* Serializable.swift in Sources */ = {isa = PBXBuildFile; fileRef = 697DD4D81D6162C50032ACA5 /* Serializable.swift */; };
		69E9E0391BE004C50065DE51 /* AppController.swift in Sources */ = {isa = PBXBuildFile; fileRef = 69E9E0381BE004C50065DE51 /* AppController.swift */; };
		69E9E03F1BE004F30065DE51 /* StyledNavigationController.swift in Sources */ = {isa = PBXBuildFile; fileRef = 69E9E03E1BE004F30065DE51 /* StyledNavigationController.swift */; };
		69E9E0451BE005230065DE51 /* ColorPickerViewController.swift in Sources */ = {isa = PBXBuildFile; fileRef = 69E9E0441BE005230065DE51 /* ColorPickerViewController.swift */; };
		69E9E04B1BE005490065DE51 /* ColorPreView.swift in Sources */ = {isa = PBXBuildFile; fileRef = 69E9E04A1BE005490065DE51 /* ColorPreView.swift */; };
		69E9E04D1BE005540065DE51 /* ColorPreviewButton.swift in Sources */ = {isa = PBXBuildFile; fileRef = 69E9E04C1BE005540065DE51 /* ColorPreviewButton.swift */; };
		69E9E04F1BE005590065DE51 /* HuePickerView.swift in Sources */ = {isa = PBXBuildFile; fileRef = 69E9E04E1BE005590065DE51 /* HuePickerView.swift */; };
		69E9E0511BE005630065DE51 /* SaturationBrightnessPickerView.swift in Sources */ = {isa = PBXBuildFile; fileRef = 69E9E0501BE005630065DE51 /* SaturationBrightnessPickerView.swift */; };
		69E9E0531BE0056D0065DE51 /* AutoHideView.swift in Sources */ = {isa = PBXBuildFile; fileRef = 69E9E0521BE0056D0065DE51 /* AutoHideView.swift */; };
		69E9E0571BE007D80065DE51 /* StrokeSizeView.swift in Sources */ = {isa = PBXBuildFile; fileRef = 69E9E0561BE007D80065DE51 /* StrokeSizeView.swift */; };
		69E9E05C1BE007ED0065DE51 /* UIKitExtensions.swift in Sources */ = {isa = PBXBuildFile; fileRef = 69E9E0591BE007ED0065DE51 /* UIKitExtensions.swift */; };
		69E9E0651BE0083C0065DE51 /* ColorPickerViewController.xib in Resources */ = {isa = PBXBuildFile; fileRef = 69E9E0611BE0083C0065DE51 /* ColorPickerViewController.xib */; };
/* End PBXBuildFile section */

/* Begin PBXContainerItemProxy section */
		69D380691D6A981E00BED7E1 /* PBXContainerItemProxy */ = {
			isa = PBXContainerItemProxy;
			containerPortal = 48FA2EC21A0C100F002CE8B9 /* Project object */;
			proxyType = 1;
			remoteGlobalIDString = 69D3805B1D6A981E00BED7E1;
			remoteInfo = "Sticker Doodler";
		};
/* End PBXContainerItemProxy section */

/* Begin PBXCopyFilesBuildPhase section */
		69D3806F1D6A981E00BED7E1 /* Embed App Extensions */ = {
			isa = PBXCopyFilesBuildPhase;
			buildActionMask = 2147483647;
			dstPath = "";
			dstSubfolderSpec = 13;
			files = (
				69D3806B1D6A981E00BED7E1 /* Sticker Doodler.appex in Embed App Extensions */,
			);
			name = "Embed App Extensions";
			runOnlyForDeploymentPostprocessing = 0;
		};
/* End PBXCopyFilesBuildPhase section */

/* Begin PBXFileReference section */
		4814280B1D80372000D94A45 /* ActionMenuViewController.swift */ = {isa = PBXFileReference; fileEncoding = 4; lastKnownFileType = sourcecode.swift; path = ActionMenuViewController.swift; sourceTree = "<group>"; };
		4864FADD1D799CBC00746A05 /* Images.xcassets */ = {isa = PBXFileReference; lastKnownFileType = folder.assetcatalog; path = Images.xcassets; sourceTree = "<group>"; };
		487904ED1D745DCC0050E615 /* UIImage+Addtions.swift */ = {isa = PBXFileReference; fileEncoding = 4; lastKnownFileType = sourcecode.swift; path = "UIImage+Addtions.swift"; sourceTree = SOURCE_ROOT; };
		487904F21D74A2650050E615 /* StickerLayout.swift */ = {isa = PBXFileReference; fileEncoding = 4; lastKnownFileType = sourcecode.swift; path = StickerLayout.swift; sourceTree = "<group>"; };
		487904F51D74A4F90050E615 /* StickerCell.swift */ = {isa = PBXFileReference; fileEncoding = 4; lastKnownFileType = sourcecode.swift; path = StickerCell.swift; sourceTree = "<group>"; };
		487904F71D74BAD90050E615 /* CreateDoodleCell.swift */ = {isa = PBXFileReference; fileEncoding = 4; lastKnownFileType = sourcecode.swift; path = CreateDoodleCell.swift; sourceTree = "<group>"; };
		487905111D75BDFF0050E615 /* URL+Addtions.swift */ = {isa = PBXFileReference; fileEncoding = 4; lastKnownFileType = sourcecode.swift; path = "URL+Addtions.swift"; sourceTree = SOURCE_ROOT; };
		48B38C541A16C4110040DE29 /* WindowController.swift */ = {isa = PBXFileReference; fileEncoding = 4; lastKnownFileType = sourcecode.swift; name = WindowController.swift; path = Doodler/WindowController.swift; sourceTree = SOURCE_ROOT; };
		48B38C5A1A16C4110040DE29 /* CanvasViewController.swift */ = {isa = PBXFileReference; fileEncoding = 4; lastKnownFileType = sourcecode.swift; name = CanvasViewController.swift; path = Doodler/CanvasViewController.swift; sourceTree = SOURCE_ROOT; };
		48FA2ECA1A0C100F002CE8B9 /* Doodler.app */ = {isa = PBXFileReference; explicitFileType = wrapper.application; includeInIndex = 0; path = Doodler.app; sourceTree = BUILT_PRODUCTS_DIR; };
		6903EA961B56AA3B001BEAEC /* Images.xcassets */ = {isa = PBXFileReference; lastKnownFileType = folder.assetcatalog; name = Images.xcassets; path = Assets/Images.xcassets; sourceTree = SOURCE_ROOT; };
		6903EA9A1B56AA6C001BEAEC /* UIColor+Addtions.swift */ = {isa = PBXFileReference; fileEncoding = 4; lastKnownFileType = sourcecode.swift; name = "UIColor+Addtions.swift"; path = "Doodler/UIColor+Addtions.swift"; sourceTree = SOURCE_ROOT; };
		6903EA9B1B56AA6C001BEAEC /* UIView+Additions.swift */ = {isa = PBXFileReference; fileEncoding = 4; lastKnownFileType = sourcecode.swift; name = "UIView+Additions.swift"; path = "Doodler/UIView+Additions.swift"; sourceTree = SOURCE_ROOT; };
		6903EA9E1B56AA8E001BEAEC /* fancy_toast.wav */ = {isa = PBXFileReference; lastKnownFileType = audio.wav; name = fancy_toast.wav; path = Assets/sound/fancy_toast.wav; sourceTree = SOURCE_ROOT; };
		6903EA9F1B56AA8E001BEAEC /* music_marimba_chord.wav */ = {isa = PBXFileReference; lastKnownFileType = audio.wav; name = music_marimba_chord.wav; path = Assets/sound/music_marimba_chord.wav; sourceTree = SOURCE_ROOT; };
		6903EAA01B56AA8E001BEAEC /* short_whoosh1.wav */ = {isa = PBXFileReference; lastKnownFileType = audio.wav; name = short_whoosh1.wav; path = Assets/sound/short_whoosh1.wav; sourceTree = SOURCE_ROOT; };
		6903EAA11B56AA8E001BEAEC /* woody_click.wav */ = {isa = PBXFileReference; lastKnownFileType = audio.wav; name = woody_click.wav; path = Assets/sound/woody_click.wav; sourceTree = SOURCE_ROOT; };
		6903EAAE1B56AB06001BEAEC /* DrawableView.swift */ = {isa = PBXFileReference; fileEncoding = 4; lastKnownFileType = sourcecode.swift; name = DrawableView.swift; path = Doodler/DrawableView.swift; sourceTree = SOURCE_ROOT; };
		6903EAAF1B56AB06001BEAEC /* GridView.swift */ = {isa = PBXFileReference; fileEncoding = 4; lastKnownFileType = sourcecode.swift; name = GridView.swift; path = Doodler/GridView.swift; sourceTree = SOURCE_ROOT; };
		6903EAB21B56AB31001BEAEC /* SettingsController.swift */ = {isa = PBXFileReference; fileEncoding = 4; lastKnownFileType = sourcecode.swift; name = SettingsController.swift; path = Doodler/SettingsController.swift; sourceTree = SOURCE_ROOT; };
		6950BA0D1D63312600887096 /* LaunchScreen.storyboard */ = {isa = PBXFileReference; fileEncoding = 4; lastKnownFileType = file.storyboard; path = LaunchScreen.storyboard; sourceTree = SOURCE_ROOT; };
		695A98651D61E3900049AE0A /* DoodlesViewController.swift */ = {isa = PBXFileReference; fileEncoding = 4; lastKnownFileType = sourcecode.swift; path = DoodlesViewController.swift; sourceTree = SOURCE_ROOT; };
		695A98681D61E5200049AE0A /* DoodleCell.swift */ = {isa = PBXFileReference; fileEncoding = 4; lastKnownFileType = sourcecode.swift; path = DoodleCell.swift; sourceTree = SOURCE_ROOT; };
		695A98691D61E5200049AE0A /* DoodleCell.xib */ = {isa = PBXFileReference; fileEncoding = 4; lastKnownFileType = file.xib; path = DoodleCell.xib; sourceTree = SOURCE_ROOT; };
		695A986C1D61E7B40049AE0A /* DocumentsController.swift */ = {isa = PBXFileReference; fileEncoding = 4; lastKnownFileType = sourcecode.swift; path = DocumentsController.swift; sourceTree = SOURCE_ROOT; };
		69749C151D64B69D00D1CF0B /* NSLayoutConstraint+Addtions.swift */ = {isa = PBXFileReference; fileEncoding = 4; lastKnownFileType = sourcecode.swift; path = "NSLayoutConstraint+Addtions.swift"; sourceTree = SOURCE_ROOT; };
		6977CC721D652798006FD1E1 /* DoodleAnimator.swift */ = {isa = PBXFileReference; fileEncoding = 4; lastKnownFileType = sourcecode.swift; path = DoodleAnimator.swift; sourceTree = SOURCE_ROOT; };
		697DD4CF1D60DA600032ACA5 /* UIViewController+Addtions.swift */ = {isa = PBXFileReference; fileEncoding = 4; lastKnownFileType = sourcecode.swift; path = "UIViewController+Addtions.swift"; sourceTree = SOURCE_ROOT; };
		697DD4D31D61011E0032ACA5 /* History.swift */ = {isa = PBXFileReference; fileEncoding = 4; lastKnownFileType = sourcecode.swift; path = History.swift; sourceTree = SOURCE_ROOT; };
		697DD4D51D6161E60032ACA5 /* Doodle.swift */ = {isa = PBXFileReference; fileEncoding = 4; lastKnownFileType = sourcecode.swift; path = Doodle.swift; sourceTree = SOURCE_ROOT; };
		697DD4D81D6162C50032ACA5 /* Serializable.swift */ = {isa = PBXFileReference; fileEncoding = 4; lastKnownFileType = sourcecode.swift; path = Serializable.swift; sourceTree = SOURCE_ROOT; };
		69AB97B21D80DC72006D8E1D /* es */ = {isa = PBXFileReference; lastKnownFileType = text.plist.strings; name = es; path = es.lproj/MainInterface.strings; sourceTree = "<group>"; };
		69AB97B81D80DCBE006D8E1D /* en */ = {isa = PBXFileReference; lastKnownFileType = text.plist.strings; name = en; path = en.lproj/Localizable.strings; sourceTree = "<group>"; };
		69AB97B91D80DCC2006D8E1D /* es */ = {isa = PBXFileReference; lastKnownFileType = text.plist.strings; name = es; path = es.lproj/Localizable.strings; sourceTree = "<group>"; };
		69AB97BA1D80DFC5006D8E1D /* fr */ = {isa = PBXFileReference; lastKnownFileType = text.plist.strings; name = fr; path = fr.lproj/MainInterface.strings; sourceTree = "<group>"; };
		69AB97BB1D80DFC5006D8E1D /* fr */ = {isa = PBXFileReference; lastKnownFileType = text.plist.strings; name = fr; path = fr.lproj/Localizable.strings; sourceTree = "<group>"; };
		69AB97BC1D80E068006D8E1D /* de */ = {isa = PBXFileReference; lastKnownFileType = text.plist.strings; name = de; path = de.lproj/MainInterface.strings; sourceTree = "<group>"; };
		69AB97BD1D80E068006D8E1D /* de */ = {isa = PBXFileReference; lastKnownFileType = text.plist.strings; name = de; path = de.lproj/Localizable.strings; sourceTree = "<group>"; };
		69AB97BE1D80E0CA006D8E1D /* zh-Hans */ = {isa = PBXFileReference; lastKnownFileType = text.plist.strings; name = "zh-Hans"; path = "zh-Hans.lproj/MainInterface.strings"; sourceTree = "<group>"; };
		69AB97BF1D80E0CA006D8E1D /* zh-Hans */ = {isa = PBXFileReference; lastKnownFileType = text.plist.strings; name = "zh-Hans"; path = "zh-Hans.lproj/Localizable.strings"; sourceTree = "<group>"; };
		69AB97C01D80E1C4006D8E1D /* zh-Hant */ = {isa = PBXFileReference; lastKnownFileType = text.plist.strings; name = "zh-Hant"; path = "zh-Hant.lproj/MainInterface.strings"; sourceTree = "<group>"; };
		69AB97C11D80E1C4006D8E1D /* zh-Hant */ = {isa = PBXFileReference; lastKnownFileType = text.plist.strings; name = "zh-Hant"; path = "zh-Hant.lproj/Localizable.strings"; sourceTree = "<group>"; };
		69AB97C21D80EC1C006D8E1D /* ja */ = {isa = PBXFileReference; lastKnownFileType = text.plist.strings; name = ja; path = ja.lproj/MainInterface.strings; sourceTree = "<group>"; };
		69AB97C31D80EC1C006D8E1D /* ja */ = {isa = PBXFileReference; lastKnownFileType = text.plist.strings; name = ja; path = ja.lproj/Localizable.strings; sourceTree = "<group>"; };
		69AB97C41D80ED4C006D8E1D /* pt-PT */ = {isa = PBXFileReference; lastKnownFileType = text.plist.strings; name = "pt-PT"; path = "pt-PT.lproj/MainInterface.strings"; sourceTree = "<group>"; };
		69AB97C51D80ED4C006D8E1D /* pt-PT */ = {isa = PBXFileReference; lastKnownFileType = text.plist.strings; name = "pt-PT"; path = "pt-PT.lproj/Localizable.strings"; sourceTree = "<group>"; };
		69BEF29C1D648762007BFAF6 /* DoodleLayout.swift */ = {isa = PBXFileReference; fileEncoding = 4; lastKnownFileType = sourcecode.swift; path = DoodleLayout.swift; sourceTree = SOURCE_ROOT; };
		69BEF29F1D649156007BFAF6 /* Date+Relative.swift */ = {isa = PBXFileReference; fileEncoding = 4; lastKnownFileType = sourcecode.swift; path = "Date+Relative.swift"; sourceTree = SOURCE_ROOT; };
		69C3F2CA1D6642A6000D2501 /* CGImage+Addtions.swift */ = {isa = PBXFileReference; fileEncoding = 4; lastKnownFileType = sourcecode.swift; path = "CGImage+Addtions.swift"; sourceTree = SOURCE_ROOT; };
		69D3805C1D6A981E00BED7E1 /* Sticker Doodler.appex */ = {isa = PBXFileReference; explicitFileType = "wrapper.app-extension"; includeInIndex = 0; path = "Sticker Doodler.appex"; sourceTree = BUILT_PRODUCTS_DIR; };
		69D3805E1D6A981E00BED7E1 /* Messages.framework */ = {isa = PBXFileReference; lastKnownFileType = wrapper.framework; name = Messages.framework; path = System/Library/Frameworks/Messages.framework; sourceTree = SDKROOT; };
		69D380611D6A981E00BED7E1 /* MessagesViewController.swift */ = {isa = PBXFileReference; lastKnownFileType = sourcecode.swift; path = MessagesViewController.swift; sourceTree = "<group>"; };
		69D380641D6A981E00BED7E1 /* Base */ = {isa = PBXFileReference; lastKnownFileType = file.storyboard; name = Base; path = Base.lproj/MainInterface.storyboard; sourceTree = "<group>"; };
		69D380661D6A981E00BED7E1 /* Assets.xcassets */ = {isa = PBXFileReference; lastKnownFileType = folder.assetcatalog; path = Assets.xcassets; sourceTree = "<group>"; };
		69D380681D6A981E00BED7E1 /* Info.plist */ = {isa = PBXFileReference; lastKnownFileType = text.plist.xml; path = Info.plist; sourceTree = "<group>"; };
		69D380701D6B1F7600BED7E1 /* DoodleBrowserViewController.swift */ = {isa = PBXFileReference; fileEncoding = 4; lastKnownFileType = sourcecode.swift; path = DoodleBrowserViewController.swift; sourceTree = "<group>"; };
		69D3807B1D6B22D000BED7E1 /* Sticker Doodler.entitlements */ = {isa = PBXFileReference; lastKnownFileType = text.plist.entitlements; path = "Sticker Doodler.entitlements"; sourceTree = "<group>"; };
		69D3807C1D6B234100BED7E1 /* Doodler.entitlements */ = {isa = PBXFileReference; fileEncoding = 4; lastKnownFileType = text.plist.entitlements; name = Doodler.entitlements; path = Doodler/Doodler.entitlements; sourceTree = SOURCE_ROOT; };
		69E9E0381BE004C50065DE51 /* AppController.swift */ = {isa = PBXFileReference; fileEncoding = 4; lastKnownFileType = sourcecode.swift; name = AppController.swift; path = Doodler/AppController.swift; sourceTree = SOURCE_ROOT; };
		69E9E03E1BE004F30065DE51 /* StyledNavigationController.swift */ = {isa = PBXFileReference; fileEncoding = 4; lastKnownFileType = sourcecode.swift; name = StyledNavigationController.swift; path = Doodler/StyledNavigationController.swift; sourceTree = SOURCE_ROOT; };
		69E9E0441BE005230065DE51 /* ColorPickerViewController.swift */ = {isa = PBXFileReference; fileEncoding = 4; lastKnownFileType = sourcecode.swift; name = ColorPickerViewController.swift; path = Doodler/ColorPickerViewController.swift; sourceTree = SOURCE_ROOT; };
		69E9E04A1BE005490065DE51 /* ColorPreView.swift */ = {isa = PBXFileReference; fileEncoding = 4; lastKnownFileType = sourcecode.swift; name = ColorPreView.swift; path = Doodler/ColorPreView.swift; sourceTree = SOURCE_ROOT; };
		69E9E04C1BE005540065DE51 /* ColorPreviewButton.swift */ = {isa = PBXFileReference; fileEncoding = 4; lastKnownFileType = sourcecode.swift; name = ColorPreviewButton.swift; path = Doodler/ColorPreviewButton.swift; sourceTree = SOURCE_ROOT; };
		69E9E04E1BE005590065DE51 /* HuePickerView.swift */ = {isa = PBXFileReference; fileEncoding = 4; lastKnownFileType = sourcecode.swift; name = HuePickerView.swift; path = Doodler/HuePickerView.swift; sourceTree = SOURCE_ROOT; };
		69E9E0501BE005630065DE51 /* SaturationBrightnessPickerView.swift */ = {isa = PBXFileReference; fileEncoding = 4; lastKnownFileType = sourcecode.swift; name = SaturationBrightnessPickerView.swift; path = Doodler/SaturationBrightnessPickerView.swift; sourceTree = SOURCE_ROOT; };
		69E9E0521BE0056D0065DE51 /* AutoHideView.swift */ = {isa = PBXFileReference; fileEncoding = 4; lastKnownFileType = sourcecode.swift; name = AutoHideView.swift; path = Doodler/AutoHideView.swift; sourceTree = SOURCE_ROOT; };
		69E9E0561BE007D80065DE51 /* StrokeSizeView.swift */ = {isa = PBXFileReference; fileEncoding = 4; lastKnownFileType = sourcecode.swift; name = StrokeSizeView.swift; path = Doodler/StrokeSizeView.swift; sourceTree = SOURCE_ROOT; };
		69E9E0591BE007ED0065DE51 /* UIKitExtensions.swift */ = {isa = PBXFileReference; fileEncoding = 4; lastKnownFileType = sourcecode.swift; name = UIKitExtensions.swift; path = Doodler/UIKitExtensions.swift; sourceTree = SOURCE_ROOT; };
		69E9E05E1BE007FA0065DE51 /* Info.plist */ = {isa = PBXFileReference; fileEncoding = 4; lastKnownFileType = text.plist.xml; name = Info.plist; path = Doodler/Project/Info.plist; sourceTree = SOURCE_ROOT; };
		69E9E0611BE0083C0065DE51 /* ColorPickerViewController.xib */ = {isa = PBXFileReference; fileEncoding = 4; lastKnownFileType = file.xib; name = ColorPickerViewController.xib; path = Doodler/ColorPickerViewController.xib; sourceTree = SOURCE_ROOT; };
/* End PBXFileReference section */

/* Begin PBXFrameworksBuildPhase section */
		48FA2EC71A0C100F002CE8B9 /* Frameworks */ = {
			isa = PBXFrameworksBuildPhase;
			buildActionMask = 2147483647;
			files = (
			);
			runOnlyForDeploymentPostprocessing = 0;
		};
		69D380591D6A981E00BED7E1 /* Frameworks */ = {
			isa = PBXFrameworksBuildPhase;
			buildActionMask = 2147483647;
			files = (
				69D3805F1D6A981E00BED7E1 /* Messages.framework in Frameworks */,
			);
			runOnlyForDeploymentPostprocessing = 0;
		};
/* End PBXFrameworksBuildPhase section */

/* Begin PBXGroup section */
		480A64881D784A6500E98622 /* Shared */ = {
			isa = PBXGroup;
			children = (
				4864FADC1D799CA700746A05 /* Resources */,
				4864FAE21D79A44C00746A05 /* Controllers */,
				480A64901D7852CC00E98622 /* Extensions */,
				4864FAE11D79A41400746A05 /* Helpers */,
				4864FAE01D79A3F200746A05 /* Model */,
				48F7CED21D791A4800A3E13B /* ViewControllers */,
				480A64891D784A7900E98622 /* Views */,
			);
			name = Shared;
			sourceTree = "<group>";
		};
		480A64891D784A7900E98622 /* Views */ = {
			isa = PBXGroup;
			children = (
				69E9E0521BE0056D0065DE51 /* AutoHideView.swift */,
				69E9E04C1BE005540065DE51 /* ColorPreviewButton.swift */,
				69E9E04A1BE005490065DE51 /* ColorPreView.swift */,
				6903EAAE1B56AB06001BEAEC /* DrawableView.swift */,
				6903EAAF1B56AB06001BEAEC /* GridView.swift */,
				69E9E04E1BE005590065DE51 /* HuePickerView.swift */,
				69E9E0501BE005630065DE51 /* SaturationBrightnessPickerView.swift */,
				69E9E0561BE007D80065DE51 /* StrokeSizeView.swift */,
			);
			name = Views;
			sourceTree = "<group>";
		};
		480A64901D7852CC00E98622 /* Extensions */ = {
			isa = PBXGroup;
			children = (
				69C3F2CA1D6642A6000D2501 /* CGImage+Addtions.swift */,
				69749C151D64B69D00D1CF0B /* NSLayoutConstraint+Addtions.swift */,
				6903EA9A1B56AA6C001BEAEC /* UIColor+Addtions.swift */,
				487904ED1D745DCC0050E615 /* UIImage+Addtions.swift */,
				6903EA9B1B56AA6C001BEAEC /* UIView+Additions.swift */,
				697DD4CF1D60DA600032ACA5 /* UIViewController+Addtions.swift */,
				487905111D75BDFF0050E615 /* URL+Addtions.swift */,
			);
			name = Extensions;
			sourceTree = "<group>";
		};
		4864FADC1D799CA700746A05 /* Resources */ = {
			isa = PBXGroup;
			children = (
				4864FADD1D799CBC00746A05 /* Images.xcassets */,
				69AB97B61D80DCAE006D8E1D /* Localizable.strings */,
			);
			name = Resources;
			sourceTree = "<group>";
		};
		4864FAE01D79A3F200746A05 /* Model */ = {
			isa = PBXGroup;
			children = (
				697DD4D51D6161E60032ACA5 /* Doodle.swift */,
				697DD4D31D61011E0032ACA5 /* History.swift */,
			);
			name = Model;
			sourceTree = "<group>";
		};
		4864FAE11D79A41400746A05 /* Helpers */ = {
			isa = PBXGroup;
			children = (
				697DD4D81D6162C50032ACA5 /* Serializable.swift */,
			);
			name = Helpers;
			sourceTree = "<group>";
		};
		4864FAE21D79A44C00746A05 /* Controllers */ = {
			isa = PBXGroup;
			children = (
				695A986C1D61E7B40049AE0A /* DocumentsController.swift */,
				6903EAB21B56AB31001BEAEC /* SettingsController.swift */,
			);
			name = Controllers;
			sourceTree = "<group>";
		};
		487904F11D749A9C0050E615 /* Views */ = {
			isa = PBXGroup;
			children = (
				487904FB1D74BAE00050E615 /* CollectionView Cells */,
			);
			name = Views;
			sourceTree = "<group>";
		};
		487904F41D74A2680050E615 /* Model */ = {
			isa = PBXGroup;
			children = (
				487904F21D74A2650050E615 /* StickerLayout.swift */,
			);
			name = Model;
			sourceTree = "<group>";
		};
		487904FB1D74BAE00050E615 /* CollectionView Cells */ = {
			isa = PBXGroup;
			children = (
				487904F71D74BAD90050E615 /* CreateDoodleCell.swift */,
				487904F51D74A4F90050E615 /* StickerCell.swift */,
			);
			name = "CollectionView Cells";
			sourceTree = "<group>";
		};
		4880D4691A4F74430077E68B /* Resources */ = {
			isa = PBXGroup;
			children = (
				69D3807C1D6B234100BED7E1 /* Doodler.entitlements */,
				6950BA0D1D63312600887096 /* LaunchScreen.storyboard */,
				69E9E05E1BE007FA0065DE51 /* Info.plist */,
				6903EA961B56AA3B001BEAEC /* Images.xcassets */,
				489816BE1B7D9F7400CAE108 /* Sound */,
			);
			name = Resources;
			sourceTree = "<group>";
		};
		4880D46A1A4F74620077E68B /* Views */ = {
			isa = PBXGroup;
			children = (
				695A98671D61E5010049AE0A /* CollectionView Cells */,
			);
			name = Views;
			sourceTree = "<group>";
		};
		4880D46B1A4F749C0077E68B /* ViewControllers */ = {
			isa = PBXGroup;
			children = (
				695A98651D61E3900049AE0A /* DoodlesViewController.swift */,
				69E9E03E1BE004F30065DE51 /* StyledNavigationController.swift */,
			);
			name = ViewControllers;
			sourceTree = "<group>";
		};
		489816BD1B7D9F4300CAE108 /* Extensions */ = {
			isa = PBXGroup;
			children = (
				69BEF29F1D649156007BFAF6 /* Date+Relative.swift */,
				69E9E0591BE007ED0065DE51 /* UIKitExtensions.swift */,
			);
			name = Extensions;
			sourceTree = "<group>";
		};
		489816BE1B7D9F7400CAE108 /* Sound */ = {
			isa = PBXGroup;
			children = (
				6903EA9E1B56AA8E001BEAEC /* fancy_toast.wav */,
				6903EA9F1B56AA8E001BEAEC /* music_marimba_chord.wav */,
				6903EAA01B56AA8E001BEAEC /* short_whoosh1.wav */,
				6903EAA11B56AA8E001BEAEC /* woody_click.wav */,
			);
			name = Sound;
			sourceTree = "<group>";
		};
		48D5F4331B2C93B8003B8B96 /* Controllers */ = {
			isa = PBXGroup;
			children = (
				69E9E0381BE004C50065DE51 /* AppController.swift */,
				48B38C541A16C4110040DE29 /* WindowController.swift */,
			);
			name = Controllers;
			sourceTree = "<group>";
		};
		48F7CED21D791A4800A3E13B /* ViewControllers */ = {
			isa = PBXGroup;
			children = (
				4814280B1D80372000D94A45 /* ActionMenuViewController.swift */,
				48B38C5A1A16C4110040DE29 /* CanvasViewController.swift */,
				69E9E0441BE005230065DE51 /* ColorPickerViewController.swift */,
				69E9E0611BE0083C0065DE51 /* ColorPickerViewController.xib */,
			);
			name = ViewControllers;
			sourceTree = "<group>";
		};
		48FA2EC11A0C100F002CE8B9 = {
			isa = PBXGroup;
			children = (
				48FA2ECC1A0C100F002CE8B9 /* Doodler */,
				480A64881D784A6500E98622 /* Shared */,
				69D380601D6A981E00BED7E1 /* Sticker Doodler */,
				69D3805D1D6A981E00BED7E1 /* Frameworks */,
				48FA2ECB1A0C100F002CE8B9 /* Products */,
			);
			sourceTree = "<group>";
		};
		48FA2ECB1A0C100F002CE8B9 /* Products */ = {
			isa = PBXGroup;
			children = (
				48FA2ECA1A0C100F002CE8B9 /* Doodler.app */,
				69D3805C1D6A981E00BED7E1 /* Sticker Doodler.appex */,
			);
			name = Products;
			sourceTree = "<group>";
		};
		48FA2ECC1A0C100F002CE8B9 /* Doodler */ = {
			isa = PBXGroup;
			children = (
				697DD4D11D60FBF80032ACA5 /* Classes */,
				4880D4691A4F74430077E68B /* Resources */,
			);
			name = Doodler;
			path = DrawingApp;
			sourceTree = "<group>";
		};
		695A98671D61E5010049AE0A /* CollectionView Cells */ = {
			isa = PBXGroup;
			children = (
				695A98681D61E5200049AE0A /* DoodleCell.swift */,
				695A98691D61E5200049AE0A /* DoodleCell.xib */,
			);
			name = "CollectionView Cells";
			sourceTree = "<group>";
		};
		697DD4D11D60FBF80032ACA5 /* Classes */ = {
			isa = PBXGroup;
			children = (
				48D5F4331B2C93B8003B8B96 /* Controllers */,
				489816BD1B7D9F4300CAE108 /* Extensions */,
				697DD4D71D6162BB0032ACA5 /* Helpers */,
				697DD4D21D6100510032ACA5 /* Model */,
				4880D46B1A4F749C0077E68B /* ViewControllers */,
				4880D46A1A4F74620077E68B /* Views */,
			);
			name = Classes;
			sourceTree = "<group>";
		};
		697DD4D21D6100510032ACA5 /* Model */ = {
			isa = PBXGroup;
			children = (
				69BEF29E1D648768007BFAF6 /* CollectionView Layouts */,
			);
			name = Model;
			sourceTree = "<group>";
		};
		697DD4D71D6162BB0032ACA5 /* Helpers */ = {
			isa = PBXGroup;
			children = (
				6977CC721D652798006FD1E1 /* DoodleAnimator.swift */,
			);
			name = Helpers;
			sourceTree = "<group>";
		};
		69BEF29E1D648768007BFAF6 /* CollectionView Layouts */ = {
			isa = PBXGroup;
			children = (
				69BEF29C1D648762007BFAF6 /* DoodleLayout.swift */,
			);
			name = "CollectionView Layouts";
			sourceTree = "<group>";
		};
		69D3805D1D6A981E00BED7E1 /* Frameworks */ = {
			isa = PBXGroup;
			children = (
				69D3805E1D6A981E00BED7E1 /* Messages.framework */,
			);
			name = Frameworks;
			sourceTree = "<group>";
		};
		69D380601D6A981E00BED7E1 /* Sticker Doodler */ = {
			isa = PBXGroup;
			children = (
				69D380721D6B1F7D00BED7E1 /* Classes */,
				69D380741D6B1F9A00BED7E1 /* Resources */,
			);
			path = "Sticker Doodler";
			sourceTree = "<group>";
		};
		69D380721D6B1F7D00BED7E1 /* Classes */ = {
			isa = PBXGroup;
			children = (
				487904F41D74A2680050E615 /* Model */,
				487904F11D749A9C0050E615 /* Views */,
				69D380731D6B1F8400BED7E1 /* ViewControllers */,
			);
			name = Classes;
			sourceTree = "<group>";
		};
		69D380731D6B1F8400BED7E1 /* ViewControllers */ = {
			isa = PBXGroup;
			children = (
				69D380701D6B1F7600BED7E1 /* DoodleBrowserViewController.swift */,
				69D380611D6A981E00BED7E1 /* MessagesViewController.swift */,
			);
			name = ViewControllers;
			sourceTree = "<group>";
		};
		69D380741D6B1F9A00BED7E1 /* Resources */ = {
			isa = PBXGroup;
			children = (
				69D3807B1D6B22D000BED7E1 /* Sticker Doodler.entitlements */,
				69D380661D6A981E00BED7E1 /* Assets.xcassets */,
				69D380681D6A981E00BED7E1 /* Info.plist */,
				69D380631D6A981E00BED7E1 /* MainInterface.storyboard */,
			);
			name = Resources;
			sourceTree = "<group>";
		};
/* End PBXGroup section */

/* Begin PBXNativeTarget section */
		48FA2EC91A0C100F002CE8B9 /* Doodler */ = {
			isa = PBXNativeTarget;
			buildConfigurationList = 48FA2EE91A0C100F002CE8B9 /* Build configuration list for PBXNativeTarget "Doodler" */;
			buildPhases = (
				48FA2EC61A0C100F002CE8B9 /* Sources */,
				48FA2EC71A0C100F002CE8B9 /* Frameworks */,
				48FA2EC81A0C100F002CE8B9 /* Resources */,
				69D3806F1D6A981E00BED7E1 /* Embed App Extensions */,
			);
			buildRules = (
			);
			dependencies = (
				69D3806A1D6A981E00BED7E1 /* PBXTargetDependency */,
			);
			name = Doodler;
			productName = DrawingApp;
			productReference = 48FA2ECA1A0C100F002CE8B9 /* Doodler.app */;
			productType = "com.apple.product-type.application";
		};
		69D3805B1D6A981E00BED7E1 /* Sticker Doodler */ = {
			isa = PBXNativeTarget;
			buildConfigurationList = 69D3806C1D6A981E00BED7E1 /* Build configuration list for PBXNativeTarget "Sticker Doodler" */;
			buildPhases = (
				69D380581D6A981E00BED7E1 /* Sources */,
				69D380591D6A981E00BED7E1 /* Frameworks */,
				69D3805A1D6A981E00BED7E1 /* Resources */,
			);
			buildRules = (
			);
			dependencies = (
			);
			name = "Sticker Doodler";
			productName = "Sticker Doodler";
			productReference = 69D3805C1D6A981E00BED7E1 /* Sticker Doodler.appex */;
			productType = "com.apple.product-type.app-extension.messages";
		};
/* End PBXNativeTarget section */

/* Begin PBXProject section */
		48FA2EC21A0C100F002CE8B9 /* Project object */ = {
			isa = PBXProject;
			attributes = {
				LastSwiftUpdateCheck = 0800;
				LastUpgradeCheck = 1110;
				ORGANIZATIONNAME = "Ryan Ackermann";
				TargetAttributes = {
					48FA2EC91A0C100F002CE8B9 = {
						CreatedOnToolsVersion = 6.1;
						DevelopmentTeam = WK4Y48HVH2;
						LastSwiftMigration = 0800;
						SystemCapabilities = {
							com.apple.ApplicationGroups.iOS = {
								enabled = 1;
							};
						};
					};
					69D3805B1D6A981E00BED7E1 = {
						CreatedOnToolsVersion = 8.0;
						DevelopmentTeam = WK4Y48HVH2;
						ProvisioningStyle = Automatic;
						SystemCapabilities = {
							com.apple.ApplicationGroups.iOS = {
								enabled = 1;
							};
						};
					};
				};
			};
			buildConfigurationList = 48FA2EC51A0C100F002CE8B9 /* Build configuration list for PBXProject "Doodler" */;
			compatibilityVersion = "Xcode 3.2";
			developmentRegion = en;
			hasScannedForEncodings = 0;
			knownRegions = (
				en,
				Base,
				es,
				fr,
				de,
				"zh-Hans",
				"zh-Hant",
				ja,
				"pt-PT",
			);
			mainGroup = 48FA2EC11A0C100F002CE8B9;
			productRefGroup = 48FA2ECB1A0C100F002CE8B9 /* Products */;
			projectDirPath = "";
			projectRoot = "";
			targets = (
				48FA2EC91A0C100F002CE8B9 /* Doodler */,
				69D3805B1D6A981E00BED7E1 /* Sticker Doodler */,
			);
		};
/* End PBXProject section */

/* Begin PBXResourcesBuildPhase section */
		48FA2EC81A0C100F002CE8B9 /* Resources */ = {
			isa = PBXResourcesBuildPhase;
			buildActionMask = 2147483647;
			files = (
				4864FAE31D79AB2900746A05 /* Images.xcassets in Resources */,
				6903EA971B56AA3B001BEAEC /* Images.xcassets in Resources */,
				6903EAA51B56AA8E001BEAEC /* woody_click.wav in Resources */,
				6903EAA41B56AA8E001BEAEC /* short_whoosh1.wav in Resources */,
				6903EAA21B56AA8E001BEAEC /* fancy_toast.wav in Resources */,
				69AB97B31D80DCAE006D8E1D /* Localizable.strings in Resources */,
				69E9E0651BE0083C0065DE51 /* ColorPickerViewController.xib in Resources */,
				6903EAA31B56AA8E001BEAEC /* music_marimba_chord.wav in Resources */,
				6950BA0E1D63312600887096 /* LaunchScreen.storyboard in Resources */,
				695A986B1D61E5200049AE0A /* DoodleCell.xib in Resources */,
			);
			runOnlyForDeploymentPostprocessing = 0;
		};
		69D3805A1D6A981E00BED7E1 /* Resources */ = {
			isa = PBXResourcesBuildPhase;
			buildActionMask = 2147483647;
			files = (
				69AB97B41D80DCAE006D8E1D /* Localizable.strings in Resources */,
				4864FADE1D799CBC00746A05 /* Images.xcassets in Resources */,
				69D380671D6A981E00BED7E1 /* Assets.xcassets in Resources */,
				4864FADF1D799D4000746A05 /* ColorPickerViewController.xib in Resources */,
				69D380651D6A981E00BED7E1 /* MainInterface.storyboard in Resources */,
			);
			runOnlyForDeploymentPostprocessing = 0;
		};
/* End PBXResourcesBuildPhase section */

/* Begin PBXSourcesBuildPhase section */
		48FA2EC61A0C100F002CE8B9 /* Sources */ = {
			isa = PBXSourcesBuildPhase;
			buildActionMask = 2147483647;
			files = (
				697DD4D91D6162C50032ACA5 /* Serializable.swift in Sources */,
				69E9E0391BE004C50065DE51 /* AppController.swift in Sources */,
				69E9E04B1BE005490065DE51 /* ColorPreView.swift in Sources */,
				697DD4D61D6161E60032ACA5 /* Doodle.swift in Sources */,
				69E9E0531BE0056D0065DE51 /* AutoHideView.swift in Sources */,
				69E9E04F1BE005590065DE51 /* HuePickerView.swift in Sources */,
				6903EA9C1B56AA6C001BEAEC /* UIColor+Addtions.swift in Sources */,
				69E9E0451BE005230065DE51 /* ColorPickerViewController.swift in Sources */,
				69E9E04D1BE005540065DE51 /* ColorPreviewButton.swift in Sources */,
				695A986A1D61E5200049AE0A /* DoodleCell.swift in Sources */,
				695A986D1D61E7B40049AE0A /* DocumentsController.swift in Sources */,
				6903EA9D1B56AA6C001BEAEC /* UIView+Additions.swift in Sources */,
				69749C161D64B69D00D1CF0B /* NSLayoutConstraint+Addtions.swift in Sources */,
				6903EAB31B56AB31001BEAEC /* SettingsController.swift in Sources */,
				69BEF2A01D649156007BFAF6 /* Date+Relative.swift in Sources */,
				6903EAB11B56AB06001BEAEC /* GridView.swift in Sources */,
				487905131D75BEF70050E615 /* URL+Addtions.swift in Sources */,
				69E9E0571BE007D80065DE51 /* StrokeSizeView.swift in Sources */,
				6977CC731D652798006FD1E1 /* DoodleAnimator.swift in Sources */,
				697DD4D01D60DA600032ACA5 /* UIViewController+Addtions.swift in Sources */,
				69BEF29D1D648762007BFAF6 /* DoodleLayout.swift in Sources */,
				48B38C611A16C4110040DE29 /* CanvasViewController.swift in Sources */,
				697DD4D41D61011E0032ACA5 /* History.swift in Sources */,
				69E9E05C1BE007ED0065DE51 /* UIKitExtensions.swift in Sources */,
				69E9E0511BE005630065DE51 /* SaturationBrightnessPickerView.swift in Sources */,
				69E9E03F1BE004F30065DE51 /* StyledNavigationController.swift in Sources */,
				487904EE1D745DCC0050E615 /* UIImage+Addtions.swift in Sources */,
				695A98661D61E3900049AE0A /* DoodlesViewController.swift in Sources */,
				6903EAB01B56AB06001BEAEC /* DrawableView.swift in Sources */,
				48B38C5B1A16C4110040DE29 /* WindowController.swift in Sources */,
				4814280C1D80372000D94A45 /* ActionMenuViewController.swift in Sources */,
				69C3F2CB1D6642A6000D2501 /* CGImage+Addtions.swift in Sources */,
			);
			runOnlyForDeploymentPostprocessing = 0;
		};
		69D380581D6A981E00BED7E1 /* Sources */ = {
			isa = PBXSourcesBuildPhase;
			buildActionMask = 2147483647;
			files = (
				480BC7691D790C13007245F1 /* ColorPreView.swift in Sources */,
				480BC7681D790A73007245F1 /* ColorPickerViewController.swift in Sources */,
				487905101D74C35B0050E615 /* SettingsController.swift in Sources */,
				487905121D75BDFF0050E615 /* URL+Addtions.swift in Sources */,
				487905091D74C08A0050E615 /* UIImage+Addtions.swift in Sources */,
				480A648E1D7850B700E98622 /* AutoHideView.swift in Sources */,
				69D380791D6B20B800BED7E1 /* Serializable.swift in Sources */,
				480A64921D79031600E98622 /* StrokeSizeView.swift in Sources */,
				480A648D1D7850AA00E98622 /* ColorPreviewButton.swift in Sources */,
				69D380751D6B200600BED7E1 /* Doodle.swift in Sources */,
				69D380781D6B208700BED7E1 /* UIColor+Addtions.swift in Sources */,
				4879050A1D74C0900050E615 /* UIView+Additions.swift in Sources */,
				480A648C1D784F4800E98622 /* SaturationBrightnessPickerView.swift in Sources */,
				480A648B1D784F4600E98622 /* HuePickerView.swift in Sources */,
				4814280D1D80372500D94A45 /* ActionMenuViewController.swift in Sources */,
				487904F61D74A4F90050E615 /* StickerCell.swift in Sources */,
				487904F91D74BAD90050E615 /* CreateDoodleCell.swift in Sources */,
				487904F31D74A2650050E615 /* StickerLayout.swift in Sources */,
				480A648F1D7850C400E98622 /* GridView.swift in Sources */,
				4879050B1D74C0980050E615 /* CGImage+Addtions.swift in Sources */,
				69D380771D6B206D00BED7E1 /* DocumentsController.swift in Sources */,
				480A648A1D784A9600E98622 /* DrawableView.swift in Sources */,
				69D380711D6B1F7600BED7E1 /* DoodleBrowserViewController.swift in Sources */,
				69D380761D6B200A00BED7E1 /* History.swift in Sources */,
				4864FADB1D798C3300746A05 /* UIViewController+Addtions.swift in Sources */,
				480A64911D785F0D00E98622 /* CanvasViewController.swift in Sources */,
				4879050C1D74C09D0050E615 /* NSLayoutConstraint+Addtions.swift in Sources */,
				69D380621D6A981E00BED7E1 /* MessagesViewController.swift in Sources */,
			);
			runOnlyForDeploymentPostprocessing = 0;
		};
/* End PBXSourcesBuildPhase section */

/* Begin PBXTargetDependency section */
		69D3806A1D6A981E00BED7E1 /* PBXTargetDependency */ = {
			isa = PBXTargetDependency;
			target = 69D3805B1D6A981E00BED7E1 /* Sticker Doodler */;
			targetProxy = 69D380691D6A981E00BED7E1 /* PBXContainerItemProxy */;
		};
/* End PBXTargetDependency section */

/* Begin PBXVariantGroup section */
		69AB97B61D80DCAE006D8E1D /* Localizable.strings */ = {
			isa = PBXVariantGroup;
			children = (
				69AB97B81D80DCBE006D8E1D /* en */,
				69AB97B91D80DCC2006D8E1D /* es */,
				69AB97BB1D80DFC5006D8E1D /* fr */,
				69AB97BD1D80E068006D8E1D /* de */,
				69AB97BF1D80E0CA006D8E1D /* zh-Hans */,
				69AB97C11D80E1C4006D8E1D /* zh-Hant */,
				69AB97C31D80EC1C006D8E1D /* ja */,
				69AB97C51D80ED4C006D8E1D /* pt-PT */,
			);
			name = Localizable.strings;
			sourceTree = "<group>";
		};
		69D380631D6A981E00BED7E1 /* MainInterface.storyboard */ = {
			isa = PBXVariantGroup;
			children = (
				69D380641D6A981E00BED7E1 /* Base */,
				69AB97B21D80DC72006D8E1D /* es */,
				69AB97BA1D80DFC5006D8E1D /* fr */,
				69AB97BC1D80E068006D8E1D /* de */,
				69AB97BE1D80E0CA006D8E1D /* zh-Hans */,
				69AB97C01D80E1C4006D8E1D /* zh-Hant */,
				69AB97C21D80EC1C006D8E1D /* ja */,
				69AB97C41D80ED4C006D8E1D /* pt-PT */,
			);
			name = MainInterface.storyboard;
			sourceTree = "<group>";
		};
/* End PBXVariantGroup section */

/* Begin XCBuildConfiguration section */
		48FA2EE71A0C100F002CE8B9 /* Debug */ = {
			isa = XCBuildConfiguration;
			buildSettings = {
				ALWAYS_SEARCH_USER_PATHS = NO;
				CLANG_ANALYZER_LOCALIZABILITY_NONLOCALIZED = YES;
				CLANG_CXX_LANGUAGE_STANDARD = "gnu++0x";
				CLANG_CXX_LIBRARY = "libc++";
				CLANG_ENABLE_MODULES = YES;
				CLANG_ENABLE_OBJC_ARC = YES;
				CLANG_WARN_BLOCK_CAPTURE_AUTORELEASING = YES;
				CLANG_WARN_BOOL_CONVERSION = YES;
				CLANG_WARN_COMMA = YES;
				CLANG_WARN_CONSTANT_CONVERSION = YES;
				CLANG_WARN_DEPRECATED_OBJC_IMPLEMENTATIONS = YES;
				CLANG_WARN_DIRECT_OBJC_ISA_USAGE = YES_ERROR;
				CLANG_WARN_EMPTY_BODY = YES;
				CLANG_WARN_ENUM_CONVERSION = YES;
				CLANG_WARN_INFINITE_RECURSION = YES;
				CLANG_WARN_INT_CONVERSION = YES;
				CLANG_WARN_NON_LITERAL_NULL_CONVERSION = YES;
				CLANG_WARN_OBJC_IMPLICIT_RETAIN_SELF = YES;
				CLANG_WARN_OBJC_LITERAL_CONVERSION = YES;
				CLANG_WARN_OBJC_ROOT_CLASS = YES_ERROR;
				CLANG_WARN_RANGE_LOOP_ANALYSIS = YES;
				CLANG_WARN_STRICT_PROTOTYPES = YES;
				CLANG_WARN_SUSPICIOUS_MOVE = YES;
				CLANG_WARN_UNREACHABLE_CODE = YES;
				CLANG_WARN__DUPLICATE_METHOD_MATCH = YES;
				"CODE_SIGN_IDENTITY[sdk=iphoneos*]" = "iPhone Developer";
				COPY_PHASE_STRIP = NO;
				ENABLE_STRICT_OBJC_MSGSEND = YES;
				ENABLE_TESTABILITY = YES;
				GCC_C_LANGUAGE_STANDARD = gnu99;
				GCC_DYNAMIC_NO_PIC = NO;
				GCC_NO_COMMON_BLOCKS = YES;
				GCC_OPTIMIZATION_LEVEL = 0;
				GCC_PREPROCESSOR_DEFINITIONS = (
					"DEBUG=1",
					"$(inherited)",
				);
				GCC_SYMBOLS_PRIVATE_EXTERN = NO;
				GCC_WARN_64_TO_32_BIT_CONVERSION = YES;
				GCC_WARN_ABOUT_RETURN_TYPE = YES_ERROR;
				GCC_WARN_UNDECLARED_SELECTOR = YES;
				GCC_WARN_UNINITIALIZED_AUTOS = YES_AGGRESSIVE;
				GCC_WARN_UNUSED_FUNCTION = YES;
				GCC_WARN_UNUSED_VARIABLE = YES;
				IPHONEOS_DEPLOYMENT_TARGET = 8.0;
				MTL_ENABLE_DEBUG_INFO = YES;
				ONLY_ACTIVE_ARCH = YES;
				SDKROOT = iphoneos;
				SWIFT_OPTIMIZATION_LEVEL = "-Onone";
			};
			name = Debug;
		};
		48FA2EE81A0C100F002CE8B9 /* Release */ = {
			isa = XCBuildConfiguration;
			buildSettings = {
				ALWAYS_SEARCH_USER_PATHS = NO;
				CLANG_ANALYZER_LOCALIZABILITY_NONLOCALIZED = YES;
				CLANG_CXX_LANGUAGE_STANDARD = "gnu++0x";
				CLANG_CXX_LIBRARY = "libc++";
				CLANG_ENABLE_MODULES = YES;
				CLANG_ENABLE_OBJC_ARC = YES;
				CLANG_WARN_BLOCK_CAPTURE_AUTORELEASING = YES;
				CLANG_WARN_BOOL_CONVERSION = YES;
				CLANG_WARN_COMMA = YES;
				CLANG_WARN_CONSTANT_CONVERSION = YES;
				CLANG_WARN_DEPRECATED_OBJC_IMPLEMENTATIONS = YES;
				CLANG_WARN_DIRECT_OBJC_ISA_USAGE = YES_ERROR;
				CLANG_WARN_EMPTY_BODY = YES;
				CLANG_WARN_ENUM_CONVERSION = YES;
				CLANG_WARN_INFINITE_RECURSION = YES;
				CLANG_WARN_INT_CONVERSION = YES;
				CLANG_WARN_NON_LITERAL_NULL_CONVERSION = YES;
				CLANG_WARN_OBJC_IMPLICIT_RETAIN_SELF = YES;
				CLANG_WARN_OBJC_LITERAL_CONVERSION = YES;
				CLANG_WARN_OBJC_ROOT_CLASS = YES_ERROR;
				CLANG_WARN_RANGE_LOOP_ANALYSIS = YES;
				CLANG_WARN_STRICT_PROTOTYPES = YES;
				CLANG_WARN_SUSPICIOUS_MOVE = YES;
				CLANG_WARN_UNREACHABLE_CODE = YES;
				CLANG_WARN__DUPLICATE_METHOD_MATCH = YES;
				"CODE_SIGN_IDENTITY[sdk=iphoneos*]" = "iPhone Developer";
				COPY_PHASE_STRIP = YES;
				ENABLE_NS_ASSERTIONS = NO;
				ENABLE_STRICT_OBJC_MSGSEND = YES;
				GCC_C_LANGUAGE_STANDARD = gnu99;
				GCC_NO_COMMON_BLOCKS = YES;
				GCC_WARN_64_TO_32_BIT_CONVERSION = YES;
				GCC_WARN_ABOUT_RETURN_TYPE = YES_ERROR;
				GCC_WARN_UNDECLARED_SELECTOR = YES;
				GCC_WARN_UNINITIALIZED_AUTOS = YES_AGGRESSIVE;
				GCC_WARN_UNUSED_FUNCTION = YES;
				GCC_WARN_UNUSED_VARIABLE = YES;
				IPHONEOS_DEPLOYMENT_TARGET = 8.0;
				MTL_ENABLE_DEBUG_INFO = NO;
				SDKROOT = iphoneos;
				VALIDATE_PRODUCT = YES;
			};
			name = Release;
		};
		48FA2EEA1A0C100F002CE8B9 /* Debug */ = {
			isa = XCBuildConfiguration;
			buildSettings = {
				ALWAYS_EMBED_SWIFT_STANDARD_LIBRARIES = YES;
				ASSETCATALOG_COMPILER_APPICON_NAME = AppIcon;
				CLANG_ENABLE_MODULES = YES;
				CODE_SIGN_ENTITLEMENTS = Doodler/Doodler.entitlements;
				CODE_SIGN_IDENTITY = "iPhone Developer";
				DEVELOPMENT_TEAM = WK4Y48HVH2;
				INFOPLIST_FILE = "$(SRCROOT)/Doodler/Project/Info.plist";
				IPHONEOS_DEPLOYMENT_TARGET = 9.0;
				LD_RUNPATH_SEARCH_PATHS = "$(inherited) @executable_path/Frameworks";
				PRODUCT_BUNDLE_IDENTIFIER = "net.naturaln0va.$(PRODUCT_NAME:rfc1034identifier)";
				PRODUCT_NAME = "$(TARGET_NAME)";
				SWIFT_INCLUDE_PATHS = "";
				SWIFT_OPTIMIZATION_LEVEL = "-Onone";
				SWIFT_VERSION = 5.0;
				TARGETED_DEVICE_FAMILY = "1,2";
			};
			name = Debug;
		};
		48FA2EEB1A0C100F002CE8B9 /* Release */ = {
			isa = XCBuildConfiguration;
			buildSettings = {
				ALWAYS_EMBED_SWIFT_STANDARD_LIBRARIES = YES;
				ASSETCATALOG_COMPILER_APPICON_NAME = AppIcon;
				CLANG_ENABLE_MODULES = YES;
				CODE_SIGN_ENTITLEMENTS = Doodler/Doodler.entitlements;
				CODE_SIGN_IDENTITY = "iPhone Developer";
				DEVELOPMENT_TEAM = WK4Y48HVH2;
				INFOPLIST_FILE = "$(SRCROOT)/Doodler/Project/Info.plist";
				IPHONEOS_DEPLOYMENT_TARGET = 9.0;
				LD_RUNPATH_SEARCH_PATHS = "$(inherited) @executable_path/Frameworks";
				PRODUCT_BUNDLE_IDENTIFIER = "net.naturaln0va.$(PRODUCT_NAME:rfc1034identifier)";
				PRODUCT_NAME = "$(TARGET_NAME)";
				SWIFT_INCLUDE_PATHS = "";
				SWIFT_OPTIMIZATION_LEVEL = "-Owholemodule";
				SWIFT_VERSION = 5.0;
				TARGETED_DEVICE_FAMILY = "1,2";
			};
			name = Release;
		};
		69D3806D1D6A981E00BED7E1 /* Debug */ = {
			isa = XCBuildConfiguration;
			buildSettings = {
				ASSETCATALOG_COMPILER_APPICON_NAME = "iMessage App Icon";
				CLANG_ANALYZER_NONNULL = YES;
				CLANG_WARN_DOCUMENTATION_COMMENTS = YES;
				CLANG_WARN_SUSPICIOUS_MOVES = YES;
				CODE_SIGN_ENTITLEMENTS = "Sticker Doodler/Sticker Doodler.entitlements";
				CODE_SIGN_IDENTITY = "iPhone Developer";
				DEBUG_INFORMATION_FORMAT = dwarf;
				DEVELOPMENT_TEAM = WK4Y48HVH2;
				INFOPLIST_FILE = "Sticker Doodler/Info.plist";
				IPHONEOS_DEPLOYMENT_TARGET = 10.0;
				LD_RUNPATH_SEARCH_PATHS = "$(inherited) @executable_path/Frameworks @executable_path/../../Frameworks";
				PRODUCT_BUNDLE_IDENTIFIER = "net.naturaln0va.Doodler.Sticker-Doodler";
				PRODUCT_NAME = "$(TARGET_NAME)";
				SKIP_INSTALL = YES;
				SWIFT_ACTIVE_COMPILATION_CONDITIONS = DEBUG;
				SWIFT_VERSION = 5.0;
				TARGETED_DEVICE_FAMILY = "1,2";
			};
			name = Debug;
		};
		69D3806E1D6A981E00BED7E1 /* Release */ = {
			isa = XCBuildConfiguration;
			buildSettings = {
				ASSETCATALOG_COMPILER_APPICON_NAME = "iMessage App Icon";
				CLANG_ANALYZER_NONNULL = YES;
				CLANG_WARN_DOCUMENTATION_COMMENTS = YES;
				CLANG_WARN_SUSPICIOUS_MOVES = YES;
				CODE_SIGN_ENTITLEMENTS = "Sticker Doodler/Sticker Doodler.entitlements";
				CODE_SIGN_IDENTITY = "iPhone Developer";
				COPY_PHASE_STRIP = NO;
				DEBUG_INFORMATION_FORMAT = "dwarf-with-dsym";
				DEVELOPMENT_TEAM = WK4Y48HVH2;
				INFOPLIST_FILE = "Sticker Doodler/Info.plist";
				IPHONEOS_DEPLOYMENT_TARGET = 10.0;
				LD_RUNPATH_SEARCH_PATHS = "$(inherited) @executable_path/Frameworks @executable_path/../../Frameworks";
				PRODUCT_BUNDLE_IDENTIFIER = "net.naturaln0va.Doodler.Sticker-Doodler";
				PRODUCT_NAME = "$(TARGET_NAME)";
				SKIP_INSTALL = YES;
				SWIFT_OPTIMIZATION_LEVEL = "-Owholemodule";
				SWIFT_VERSION = 5.0;
				TARGETED_DEVICE_FAMILY = "1,2";
			};
			name = Release;
		};
/* End XCBuildConfiguration section */

/* Begin XCConfigurationList section */
		48FA2EC51A0C100F002CE8B9 /* Build configuration list for PBXProject "Doodler" */ = {
			isa = XCConfigurationList;
			buildConfigurations = (
				48FA2EE71A0C100F002CE8B9 /* Debug */,
				48FA2EE81A0C100F002CE8B9 /* Release */,
			);
			defaultConfigurationIsVisible = 0;
			defaultConfigurationName = Release;
		};
		48FA2EE91A0C100F002CE8B9 /* Build configuration list for PBXNativeTarget "Doodler" */ = {
			isa = XCConfigurationList;
			buildConfigurations = (
				48FA2EEA1A0C100F002CE8B9 /* Debug */,
				48FA2EEB1A0C100F002CE8B9 /* Release */,
			);
			defaultConfigurationIsVisible = 0;
			defaultConfigurationName = Release;
		};
		69D3806C1D6A981E00BED7E1 /* Build configuration list for PBXNativeTarget "Sticker Doodler" */ = {
			isa = XCConfigurationList;
			buildConfigurations = (
				69D3806D1D6A981E00BED7E1 /* Debug */,
				69D3806E1D6A981E00BED7E1 /* Release */,
			);
			defaultConfigurationIsVisible = 0;
			defaultConfigurationName = Release;
		};
/* End XCConfigurationList section */
	};
	rootObject = 48FA2EC21A0C100F002CE8B9 /* Project object */;
}
