// !$*UTF8*$!
{
	archiveVersion = 1;
	classes = {
	};
	objectVersion = 46;
	objects = {

/* Begin PBXBuildFile section */
		485C65601A1B191E003FA399 /* AudioToolbox.framework in Frameworks */ = {isa = PBXBuildFile; fileRef = 485C655F1A1B191E003FA399 /* AudioToolbox.framework */; };
		489085111B59F54D00C199A6 /* RAScrollablePickerView.swift in Sources */ = {isa = PBXBuildFile; fileRef = 489085101B59F54D00C199A6 /* RAScrollablePickerView.swift */; };
		489085131B59F57200C199A6 /* ColorPreView.swift in Sources */ = {isa = PBXBuildFile; fileRef = 489085121B59F57200C199A6 /* ColorPreView.swift */; };
		489085151B59FD3900C199A6 /* ColorPreviewButton.swift in Sources */ = {isa = PBXBuildFile; fileRef = 489085141B59FD3900C199A6 /* ColorPreviewButton.swift */; };
		48B38C5B1A16C4110040DE29 /* WindowController.swift in Sources */ = {isa = PBXBuildFile; fileRef = 48B38C541A16C4110040DE29 /* WindowController.swift */; };
		48B38C611A16C4110040DE29 /* ViewController.swift in Sources */ = {isa = PBXBuildFile; fileRef = 48B38C5A1A16C4110040DE29 /* ViewController.swift */; };
		6903EA971B56AA3B001BEAEC /* Images.xcassets in Resources */ = {isa = PBXBuildFile; fileRef = 6903EA961B56AA3B001BEAEC /* Images.xcassets */; };
		6903EA991B56AA51001BEAEC /* RAAudioEngine.swift in Sources */ = {isa = PBXBuildFile; fileRef = 6903EA981B56AA51001BEAEC /* RAAudioEngine.swift */; };
		6903EA9C1B56AA6C001BEAEC /* UIColorExstension.swift in Sources */ = {isa = PBXBuildFile; fileRef = 6903EA9A1B56AA6C001BEAEC /* UIColorExstension.swift */; };
		6903EA9D1B56AA6C001BEAEC /* UIViewExtension.swift in Sources */ = {isa = PBXBuildFile; fileRef = 6903EA9B1B56AA6C001BEAEC /* UIViewExtension.swift */; };
		6903EAA21B56AA8E001BEAEC /* fancy_toast.wav in Resources */ = {isa = PBXBuildFile; fileRef = 6903EA9E1B56AA8E001BEAEC /* fancy_toast.wav */; };
		6903EAA31B56AA8E001BEAEC /* music_marimba_chord.wav in Resources */ = {isa = PBXBuildFile; fileRef = 6903EA9F1B56AA8E001BEAEC /* music_marimba_chord.wav */; };
		6903EAA41B56AA8E001BEAEC /* short_whoosh1.wav in Resources */ = {isa = PBXBuildFile; fileRef = 6903EAA01B56AA8E001BEAEC /* short_whoosh1.wav */; };
		6903EAA51B56AA8E001BEAEC /* woody_click.wav in Resources */ = {isa = PBXBuildFile; fileRef = 6903EAA11B56AA8E001BEAEC /* woody_click.wav */; };
		6903EAB01B56AB06001BEAEC /* DrawableView.swift in Sources */ = {isa = PBXBuildFile; fileRef = 6903EAAE1B56AB06001BEAEC /* DrawableView.swift */; };
		6903EAB11B56AB06001BEAEC /* GridView.swift in Sources */ = {isa = PBXBuildFile; fileRef = 6903EAAF1B56AB06001BEAEC /* GridView.swift */; };
		6903EAB31B56AB31001BEAEC /* SettingsController.swift in Sources */ = {isa = PBXBuildFile; fileRef = 6903EAB21B56AB31001BEAEC /* SettingsController.swift */; };
		6903EAB51B56AB47001BEAEC /* RANewDocumentControllerDelegate.swift in Sources */ = {isa = PBXBuildFile; fileRef = 6903EAB41B56AB47001BEAEC /* RANewDocumentControllerDelegate.swift */; };
		6903EAB71B56AB56001BEAEC /* RANewDocumentViewController.swift in Sources */ = {isa = PBXBuildFile; fileRef = 6903EAB61B56AB56001BEAEC /* RANewDocumentViewController.swift */; };
		693617BC1B5702A700F1CCF4 /* Main.storyboard in Resources */ = {isa = PBXBuildFile; fileRef = 6903EAAA1B56AAD8001BEAEC /* Main.storyboard */; };
		693617BD1B5702AC00F1CCF4 /* LaunchScreen.xib in Resources */ = {isa = PBXBuildFile; fileRef = 6903EAA81B56AAD8001BEAEC /* LaunchScreen.xib */; };
/* End PBXBuildFile section */

/* Begin PBXFileReference section */
		485C655F1A1B191E003FA399 /* AudioToolbox.framework */ = {isa = PBXFileReference; lastKnownFileType = wrapper.framework; name = AudioToolbox.framework; path = System/Library/Frameworks/AudioToolbox.framework; sourceTree = SDKROOT; };
		489085101B59F54D00C199A6 /* RAScrollablePickerView.swift */ = {isa = PBXFileReference; fileEncoding = 4; lastKnownFileType = sourcecode.swift; path = RAScrollablePickerView.swift; sourceTree = SOURCE_ROOT; };
		489085121B59F57200C199A6 /* ColorPreView.swift */ = {isa = PBXFileReference; fileEncoding = 4; lastKnownFileType = sourcecode.swift; path = ColorPreView.swift; sourceTree = SOURCE_ROOT; };
		489085141B59FD3900C199A6 /* ColorPreviewButton.swift */ = {isa = PBXFileReference; fileEncoding = 4; lastKnownFileType = sourcecode.swift; path = ColorPreviewButton.swift; sourceTree = SOURCE_ROOT; };
		48B38C541A16C4110040DE29 /* WindowController.swift */ = {isa = PBXFileReference; fileEncoding = 4; lastKnownFileType = sourcecode.swift; name = WindowController.swift; path = Doodler/WindowController.swift; sourceTree = SOURCE_ROOT; };
		48B38C5A1A16C4110040DE29 /* ViewController.swift */ = {isa = PBXFileReference; fileEncoding = 4; lastKnownFileType = sourcecode.swift; name = ViewController.swift; path = Doodler/ViewController.swift; sourceTree = SOURCE_ROOT; };
		48FA2ECA1A0C100F002CE8B9 /* Doodler.app */ = {isa = PBXFileReference; explicitFileType = wrapper.application; includeInIndex = 0; path = Doodler.app; sourceTree = BUILT_PRODUCTS_DIR; };
		6903EA961B56AA3B001BEAEC /* Images.xcassets */ = {isa = PBXFileReference; lastKnownFileType = folder.assetcatalog; name = Images.xcassets; path = Assets/Images.xcassets; sourceTree = SOURCE_ROOT; };
		6903EA981B56AA51001BEAEC /* RAAudioEngine.swift */ = {isa = PBXFileReference; fileEncoding = 4; lastKnownFileType = sourcecode.swift; name = RAAudioEngine.swift; path = Doodler/RAAudioEngine.swift; sourceTree = SOURCE_ROOT; };
		6903EA9A1B56AA6C001BEAEC /* UIColorExstension.swift */ = {isa = PBXFileReference; fileEncoding = 4; lastKnownFileType = sourcecode.swift; name = UIColorExstension.swift; path = Doodler/UIColorExstension.swift; sourceTree = SOURCE_ROOT; };
		6903EA9B1B56AA6C001BEAEC /* UIViewExtension.swift */ = {isa = PBXFileReference; fileEncoding = 4; lastKnownFileType = sourcecode.swift; name = UIViewExtension.swift; path = Doodler/UIViewExtension.swift; sourceTree = SOURCE_ROOT; };
		6903EA9E1B56AA8E001BEAEC /* fancy_toast.wav */ = {isa = PBXFileReference; lastKnownFileType = audio.wav; name = fancy_toast.wav; path = Assets/sound/fancy_toast.wav; sourceTree = SOURCE_ROOT; };
		6903EA9F1B56AA8E001BEAEC /* music_marimba_chord.wav */ = {isa = PBXFileReference; lastKnownFileType = audio.wav; name = music_marimba_chord.wav; path = Assets/sound/music_marimba_chord.wav; sourceTree = SOURCE_ROOT; };
		6903EAA01B56AA8E001BEAEC /* short_whoosh1.wav */ = {isa = PBXFileReference; lastKnownFileType = audio.wav; name = short_whoosh1.wav; path = Assets/sound/short_whoosh1.wav; sourceTree = SOURCE_ROOT; };
		6903EAA11B56AA8E001BEAEC /* woody_click.wav */ = {isa = PBXFileReference; lastKnownFileType = audio.wav; name = woody_click.wav; path = Assets/sound/woody_click.wav; sourceTree = SOURCE_ROOT; };
		6903EAA61B56AAA2001BEAEC /* Info.plist */ = {isa = PBXFileReference; fileEncoding = 4; lastKnownFileType = text.plist.xml; name = Info.plist; path = Doodler/other/Info.plist; sourceTree = SOURCE_ROOT; };
		6903EAA91B56AAD8001BEAEC /* Base */ = {isa = PBXFileReference; lastKnownFileType = file.xib; name = Base; path = Doodler/other/Base.lproj/LaunchScreen.xib; sourceTree = SOURCE_ROOT; };
		6903EAAB1B56AAD8001BEAEC /* Base */ = {isa = PBXFileReference; lastKnownFileType = file.storyboard; name = Base; path = Doodler/other/Base.lproj/Main.storyboard; sourceTree = SOURCE_ROOT; };
		6903EAAE1B56AB06001BEAEC /* DrawableView.swift */ = {isa = PBXFileReference; fileEncoding = 4; lastKnownFileType = sourcecode.swift; name = DrawableView.swift; path = Doodler/DrawableView.swift; sourceTree = SOURCE_ROOT; };
		6903EAAF1B56AB06001BEAEC /* GridView.swift */ = {isa = PBXFileReference; fileEncoding = 4; lastKnownFileType = sourcecode.swift; name = GridView.swift; path = Doodler/GridView.swift; sourceTree = SOURCE_ROOT; };
		6903EAB21B56AB31001BEAEC /* SettingsController.swift */ = {isa = PBXFileReference; fileEncoding = 4; lastKnownFileType = sourcecode.swift; name = SettingsController.swift; path = Doodler/SettingsController.swift; sourceTree = SOURCE_ROOT; };
		6903EAB41B56AB47001BEAEC /* RANewDocumentControllerDelegate.swift */ = {isa = PBXFileReference; fileEncoding = 4; lastKnownFileType = sourcecode.swift; name = RANewDocumentControllerDelegate.swift; path = Doodler/RANewDocumentControllerDelegate.swift; sourceTree = SOURCE_ROOT; };
		6903EAB61B56AB56001BEAEC /* RANewDocumentViewController.swift */ = {isa = PBXFileReference; fileEncoding = 4; lastKnownFileType = sourcecode.swift; name = RANewDocumentViewController.swift; path = Doodler/RANewDocumentViewController.swift; sourceTree = SOURCE_ROOT; };
/* End PBXFileReference section */

/* Begin PBXFrameworksBuildPhase section */
		48FA2EC71A0C100F002CE8B9 /* Frameworks */ = {
			isa = PBXFrameworksBuildPhase;
			buildActionMask = 2147483647;
			files = (
				485C65601A1B191E003FA399 /* AudioToolbox.framework in Frameworks */,
			);
			runOnlyForDeploymentPostprocessing = 0;
		};
/* End PBXFrameworksBuildPhase section */

/* Begin PBXGroup section */
		4880D4691A4F74430077E68B /* Util */ = {
			isa = PBXGroup;
			children = (
				6903EA961B56AA3B001BEAEC /* Images.xcassets */,
				6903EA981B56AA51001BEAEC /* RAAudioEngine.swift */,
				6903EA9A1B56AA6C001BEAEC /* UIColorExstension.swift */,
				6903EA9B1B56AA6C001BEAEC /* UIViewExtension.swift */,
			);
			name = Util;
			sourceTree = "<group>";
		};
		4880D46A1A4F74620077E68B /* Views */ = {
			isa = PBXGroup;
			children = (
				489085101B59F54D00C199A6 /* RAScrollablePickerView.swift */,
				6903EAAE1B56AB06001BEAEC /* DrawableView.swift */,
				6903EAAF1B56AB06001BEAEC /* GridView.swift */,
				489085121B59F57200C199A6 /* ColorPreView.swift */,
				489085141B59FD3900C199A6 /* ColorPreviewButton.swift */,
			);
			name = Views;
			sourceTree = "<group>";
		};
		4880D46B1A4F749C0077E68B /* ViewControllers */ = {
			isa = PBXGroup;
			children = (
				48B38C5A1A16C4110040DE29 /* ViewController.swift */,
				6903EAB61B56AB56001BEAEC /* RANewDocumentViewController.swift */,
			);
			name = ViewControllers;
			sourceTree = "<group>";
		};
		489F4B871A969FF5002984BE /* Delegate Protocols */ = {
			isa = PBXGroup;
			children = (
				6903EAB41B56AB47001BEAEC /* RANewDocumentControllerDelegate.swift */,
			);
			name = "Delegate Protocols";
			sourceTree = "<group>";
		};
		48D5F4331B2C93B8003B8B96 /* Controllers */ = {
			isa = PBXGroup;
			children = (
				6903EAB21B56AB31001BEAEC /* SettingsController.swift */,
			);
			name = Controllers;
			sourceTree = "<group>";
		};
		48FA2EC11A0C100F002CE8B9 = {
			isa = PBXGroup;
			children = (
				485C655F1A1B191E003FA399 /* AudioToolbox.framework */,
				48FA2ECC1A0C100F002CE8B9 /* DrawingApp */,
				48FA2ECB1A0C100F002CE8B9 /* Products */,
			);
			sourceTree = "<group>";
		};
		48FA2ECB1A0C100F002CE8B9 /* Products */ = {
			isa = PBXGroup;
			children = (
				48FA2ECA1A0C100F002CE8B9 /* Doodler.app */,
			);
			name = Products;
			sourceTree = "<group>";
		};
		48FA2ECC1A0C100F002CE8B9 /* DrawingApp */ = {
			isa = PBXGroup;
			children = (
				48D5F4331B2C93B8003B8B96 /* Controllers */,
				4880D46B1A4F749C0077E68B /* ViewControllers */,
				4880D46A1A4F74620077E68B /* Views */,
				489F4B871A969FF5002984BE /* Delegate Protocols */,
				4880D4691A4F74430077E68B /* Util */,
				48FA2ECD1A0C100F002CE8B9 /* Supporting Files */,
			);
			path = DrawingApp;
			sourceTree = "<group>";
		};
		48FA2ECD1A0C100F002CE8B9 /* Supporting Files */ = {
			isa = PBXGroup;
			children = (
				48B38C541A16C4110040DE29 /* WindowController.swift */,
				6903EA9E1B56AA8E001BEAEC /* fancy_toast.wav */,
				6903EA9F1B56AA8E001BEAEC /* music_marimba_chord.wav */,
				6903EAA01B56AA8E001BEAEC /* short_whoosh1.wav */,
				6903EAA11B56AA8E001BEAEC /* woody_click.wav */,
				6903EAA81B56AAD8001BEAEC /* LaunchScreen.xib */,
				6903EAAA1B56AAD8001BEAEC /* Main.storyboard */,
				6903EAA61B56AAA2001BEAEC /* Info.plist */,
			);
			name = "Supporting Files";
			sourceTree = "<group>";
		};
/* End PBXGroup section */

/* Begin PBXNativeTarget section */
		48FA2EC91A0C100F002CE8B9 /* Doodler */ = {
			isa = PBXNativeTarget;
			buildConfigurationList = 48FA2EE91A0C100F002CE8B9 /* Build configuration list for PBXNativeTarget "Doodler" */;
			buildPhases = (
				48FA2EC61A0C100F002CE8B9 /* Sources */,
				48FA2EC71A0C100F002CE8B9 /* Frameworks */,
				48FA2EC81A0C100F002CE8B9 /* Resources */,
			);
			buildRules = (
			);
			dependencies = (
			);
			name = Doodler;
			productName = DrawingApp;
			productReference = 48FA2ECA1A0C100F002CE8B9 /* Doodler.app */;
			productType = "com.apple.product-type.application";
		};
/* End PBXNativeTarget section */

/* Begin PBXProject section */
		48FA2EC21A0C100F002CE8B9 /* Project object */ = {
			isa = PBXProject;
			attributes = {
				LastUpgradeCheck = 0610;
				ORGANIZATIONNAME = "Ryan Ackermann";
				TargetAttributes = {
					48FA2EC91A0C100F002CE8B9 = {
						CreatedOnToolsVersion = 6.1;
						DevelopmentTeam = AM88PVBRSG;
					};
				};
			};
			buildConfigurationList = 48FA2EC51A0C100F002CE8B9 /* Build configuration list for PBXProject "Doodler" */;
			compatibilityVersion = "Xcode 3.2";
			developmentRegion = English;
			hasScannedForEncodings = 0;
			knownRegions = (
				en,
				Base,
			);
			mainGroup = 48FA2EC11A0C100F002CE8B9;
			productRefGroup = 48FA2ECB1A0C100F002CE8B9 /* Products */;
			projectDirPath = "";
			projectRoot = "";
			targets = (
				48FA2EC91A0C100F002CE8B9 /* Doodler */,
			);
		};
/* End PBXProject section */

/* Begin PBXResourcesBuildPhase section */
		48FA2EC81A0C100F002CE8B9 /* Resources */ = {
			isa = PBXResourcesBuildPhase;
			buildActionMask = 2147483647;
			files = (
				693617BD1B5702AC00F1CCF4 /* LaunchScreen.xib in Resources */,
				693617BC1B5702A700F1CCF4 /* Main.storyboard in Resources */,
				6903EA971B56AA3B001BEAEC /* Images.xcassets in Resources */,
				6903EAA51B56AA8E001BEAEC /* woody_click.wav in Resources */,
				6903EAA41B56AA8E001BEAEC /* short_whoosh1.wav in Resources */,
				6903EAA21B56AA8E001BEAEC /* fancy_toast.wav in Resources */,
				6903EAA31B56AA8E001BEAEC /* music_marimba_chord.wav in Resources */,
			);
			runOnlyForDeploymentPostprocessing = 0;
		};
/* End PBXResourcesBuildPhase section */

/* Begin PBXSourcesBuildPhase section */
		48FA2EC61A0C100F002CE8B9 /* Sources */ = {
			isa = PBXSourcesBuildPhase;
			buildActionMask = 2147483647;
			files = (
				489085131B59F57200C199A6 /* ColorPreView.swift in Sources */,
				6903EAB51B56AB47001BEAEC /* RANewDocumentControllerDelegate.swift in Sources */,
				6903EA9C1B56AA6C001BEAEC /* UIColorExstension.swift in Sources */,
				6903EAB71B56AB56001BEAEC /* RANewDocumentViewController.swift in Sources */,
				6903EA9D1B56AA6C001BEAEC /* UIViewExtension.swift in Sources */,
				6903EAB31B56AB31001BEAEC /* SettingsController.swift in Sources */,
				6903EA991B56AA51001BEAEC /* RAAudioEngine.swift in Sources */,
				6903EAB11B56AB06001BEAEC /* GridView.swift in Sources */,
				48B38C611A16C4110040DE29 /* ViewController.swift in Sources */,
				6903EAB01B56AB06001BEAEC /* DrawableView.swift in Sources */,
				489085111B59F54D00C199A6 /* RAScrollablePickerView.swift in Sources */,
				489085151B59FD3900C199A6 /* ColorPreviewButton.swift in Sources */,
				48B38C5B1A16C4110040DE29 /* WindowController.swift in Sources */,
			);
			runOnlyForDeploymentPostprocessing = 0;
		};
/* End PBXSourcesBuildPhase section */

/* Begin PBXVariantGroup section */
		6903EAA81B56AAD8001BEAEC /* LaunchScreen.xib */ = {
			isa = PBXVariantGroup;
			children = (
				6903EAA91B56AAD8001BEAEC /* Base */,
			);
			name = LaunchScreen.xib;
			sourceTree = "<group>";
		};
		6903EAAA1B56AAD8001BEAEC /* Main.storyboard */ = {
			isa = PBXVariantGroup;
			children = (
				6903EAAB1B56AAD8001BEAEC /* Base */,
			);
			name = Main.storyboard;
			sourceTree = "<group>";
		};
/* End PBXVariantGroup section */

/* Begin XCBuildConfiguration section */
		48FA2EE71A0C100F002CE8B9 /* Debug */ = {
			isa = XCBuildConfiguration;
			buildSettings = {
				ALWAYS_SEARCH_USER_PATHS = NO;
				CLANG_CXX_LANGUAGE_STANDARD = "gnu++0x";
				CLANG_CXX_LIBRARY = "libc++";
				CLANG_ENABLE_MODULES = YES;
				CLANG_ENABLE_OBJC_ARC = YES;
				CLANG_WARN_BOOL_CONVERSION = YES;
				CLANG_WARN_CONSTANT_CONVERSION = YES;
				CLANG_WARN_DIRECT_OBJC_ISA_USAGE = YES_ERROR;
				CLANG_WARN_EMPTY_BODY = YES;
				CLANG_WARN_ENUM_CONVERSION = YES;
				CLANG_WARN_INT_CONVERSION = YES;
				CLANG_WARN_OBJC_ROOT_CLASS = YES_ERROR;
				CLANG_WARN_UNREACHABLE_CODE = YES;
				CLANG_WARN__DUPLICATE_METHOD_MATCH = YES;
				"CODE_SIGN_IDENTITY[sdk=iphoneos*]" = "iPhone Developer";
				COPY_PHASE_STRIP = NO;
				ENABLE_STRICT_OBJC_MSGSEND = YES;
				GCC_C_LANGUAGE_STANDARD = gnu99;
				GCC_DYNAMIC_NO_PIC = NO;
				GCC_OPTIMIZATION_LEVEL = 0;
				GCC_PREPROCESSOR_DEFINITIONS = (
					"DEBUG=1",
					"$(inherited)",
				);
				GCC_SYMBOLS_PRIVATE_EXTERN = NO;
				GCC_WARN_64_TO_32_BIT_CONVERSION = YES;
				GCC_WARN_ABOUT_RETURN_TYPE = YES_ERROR;
				GCC_WARN_UNDECLARED_SELECTOR = YES;
				GCC_WARN_UNINITIALIZED_AUTOS = YES_AGGRESSIVE;
				GCC_WARN_UNUSED_FUNCTION = YES;
				GCC_WARN_UNUSED_VARIABLE = YES;
				IPHONEOS_DEPLOYMENT_TARGET = 8.0;
				MTL_ENABLE_DEBUG_INFO = YES;
				ONLY_ACTIVE_ARCH = YES;
				SDKROOT = iphoneos;
				SWIFT_OPTIMIZATION_LEVEL = "-Onone";
			};
			name = Debug;
		};
		48FA2EE81A0C100F002CE8B9 /* Release */ = {
			isa = XCBuildConfiguration;
			buildSettings = {
				ALWAYS_SEARCH_USER_PATHS = NO;
				CLANG_CXX_LANGUAGE_STANDARD = "gnu++0x";
				CLANG_CXX_LIBRARY = "libc++";
				CLANG_ENABLE_MODULES = YES;
				CLANG_ENABLE_OBJC_ARC = YES;
				CLANG_WARN_BOOL_CONVERSION = YES;
				CLANG_WARN_CONSTANT_CONVERSION = YES;
				CLANG_WARN_DIRECT_OBJC_ISA_USAGE = YES_ERROR;
				CLANG_WARN_EMPTY_BODY = YES;
				CLANG_WARN_ENUM_CONVERSION = YES;
				CLANG_WARN_INT_CONVERSION = YES;
				CLANG_WARN_OBJC_ROOT_CLASS = YES_ERROR;
				CLANG_WARN_UNREACHABLE_CODE = YES;
				CLANG_WARN__DUPLICATE_METHOD_MATCH = YES;
				"CODE_SIGN_IDENTITY[sdk=iphoneos*]" = "iPhone Developer";
				COPY_PHASE_STRIP = YES;
				ENABLE_NS_ASSERTIONS = NO;
				ENABLE_STRICT_OBJC_MSGSEND = YES;
				GCC_C_LANGUAGE_STANDARD = gnu99;
				GCC_WARN_64_TO_32_BIT_CONVERSION = YES;
				GCC_WARN_ABOUT_RETURN_TYPE = YES_ERROR;
				GCC_WARN_UNDECLARED_SELECTOR = YES;
				GCC_WARN_UNINITIALIZED_AUTOS = YES_AGGRESSIVE;
				GCC_WARN_UNUSED_FUNCTION = YES;
				GCC_WARN_UNUSED_VARIABLE = YES;
				IPHONEOS_DEPLOYMENT_TARGET = 8.0;
				MTL_ENABLE_DEBUG_INFO = NO;
				SDKROOT = iphoneos;
				VALIDATE_PRODUCT = YES;
			};
			name = Release;
		};
		48FA2EEA1A0C100F002CE8B9 /* Debug */ = {
			isa = XCBuildConfiguration;
			buildSettings = {
				ASSETCATALOG_COMPILER_APPICON_NAME = AppIcon;
				ASSETCATALOG_COMPILER_LAUNCHIMAGE_NAME = LaunchImage;
				CLANG_ENABLE_MODULES = YES;
				CODE_SIGN_IDENTITY = "iPhone Developer";
				INFOPLIST_FILE = "$(SRCROOT)/Doodler/other/Info.plist";
				LD_RUNPATH_SEARCH_PATHS = "$(inherited) @executable_path/Frameworks";
				PRODUCT_NAME = "$(TARGET_NAME)";
				SWIFT_OPTIMIZATION_LEVEL = "-Onone";
				TARGETED_DEVICE_FAMILY = "1,2";
			};
			name = Debug;
		};
		48FA2EEB1A0C100F002CE8B9 /* Release */ = {
			isa = XCBuildConfiguration;
			buildSettings = {
				ASSETCATALOG_COMPILER_APPICON_NAME = AppIcon;
				ASSETCATALOG_COMPILER_LAUNCHIMAGE_NAME = LaunchImage;
				CLANG_ENABLE_MODULES = YES;
				CODE_SIGN_IDENTITY = "iPhone Developer";
				INFOPLIST_FILE = "$(SRCROOT)/Doodler/other/Info.plist";
				LD_RUNPATH_SEARCH_PATHS = "$(inherited) @executable_path/Frameworks";
				PRODUCT_NAME = "$(TARGET_NAME)";
				TARGETED_DEVICE_FAMILY = "1,2";
			};
			name = Release;
		};
/* End XCBuildConfiguration section */

/* Begin XCConfigurationList section */
		48FA2EC51A0C100F002CE8B9 /* Build configuration list for PBXProject "Doodler" */ = {
			isa = XCConfigurationList;
			buildConfigurations = (
				48FA2EE71A0C100F002CE8B9 /* Debug */,
				48FA2EE81A0C100F002CE8B9 /* Release */,
			);
			defaultConfigurationIsVisible = 0;
			defaultConfigurationName = Release;
		};
		48FA2EE91A0C100F002CE8B9 /* Build configuration list for PBXNativeTarget "Doodler" */ = {
			isa = XCConfigurationList;
			buildConfigurations = (
				48FA2EEA1A0C100F002CE8B9 /* Debug */,
				48FA2EEB1A0C100F002CE8B9 /* Release */,
			);
			defaultConfigurationIsVisible = 0;
			defaultConfigurationName = Release;
		};
/* End XCConfigurationList section */
	};
	rootObject = 48FA2EC21A0C100F002CE8B9 /* Project object */;
}
